
Microsoft Visual Studio Solution File, Format Version 12.00
# Visual Studio 2012
Project("{FAE04EC0-301F-11D3-BF4B-00C04F79EFBC}") = "WebApi", "WebApi\WebApi.csproj", "{1D2E6C22-0023-4895-B92B-FD05D088A3D2}"
EndProject
Project("{FAE04EC0-301F-11D3-BF4B-00C04F79EFBC}") = "TacheTechnologies.DataAccessLayer", "DataAccessLayer\TacheTechnologies.DataAccessLayer.csproj", "{F740202B-64B8-41B4-8712-CFA91500B3EE}"
EndProject
Global
	GlobalSection(SolutionConfigurationPlatforms) = preSolution
		Debug|Any CPU = Debug|Any CPU
		Release|Any CPU = Release|Any CPU
	EndGlobalSection
	GlobalSection(ProjectConfigurationPlatforms) = postSolution
		{1D2E6C22-0023-4895-B92B-FD05D088A3D2}.Debug|Any CPU.ActiveCfg = Debug|Any CPU
		{1D2E6C22-0023-4895-B92B-FD05D088A3D2}.Debug|Any CPU.Build.0 = Debug|Any CPU
		{1D2E6C22-0023-4895-B92B-FD05D088A3D2}.Release|Any CPU.ActiveCfg = Release|Any CPU
		{1D2E6C22-0023-4895-B92B-FD05D088A3D2}.Release|Any CPU.Build.0 = Release|Any CPU
		{F740202B-64B8-41B4-8712-CFA91500B3EE}.Debug|Any CPU.ActiveCfg = Debug|Any CPU
		{F740202B-64B8-41B4-8712-CFA91500B3EE}.Debug|Any CPU.Build.0 = Debug|Any CPU
		{F740202B-64B8-41B4-8712-CFA91500B3EE}.Release|Any CPU.ActiveCfg = Release|Any CPU
		{F740202B-64B8-41B4-8712-CFA91500B3EE}.Release|Any CPU.Build.0 = Release|Any CPU
	EndGlobalSection
	GlobalSection(SolutionProperties) = preSolution
		HideSolutionNode = FALSE
	EndGlobalSection
EndGlobal
